// !$*UTF8*$!
{
	archiveVersion = 1;
	classes = {
	};
	objectVersion = 46;
	objects = {

/* Begin PBXBuildFile section */
		63150AE118F6E48900F59B96 /* Foundation.framework in Frameworks */ = {isa = PBXBuildFile; fileRef = 63150AE018F6E48900F59B96 /* Foundation.framework */; };
		63150AE318F6E48900F59B96 /* CoreGraphics.framework in Frameworks */ = {isa = PBXBuildFile; fileRef = 63150AE218F6E48900F59B96 /* CoreGraphics.framework */; };
		63150AE518F6E48900F59B96 /* UIKit.framework in Frameworks */ = {isa = PBXBuildFile; fileRef = 63150AE418F6E48900F59B96 /* UIKit.framework */; };
		63150AEB18F6E48900F59B96 /* InfoPlist.strings in Resources */ = {isa = PBXBuildFile; fileRef = 63150AE918F6E48900F59B96 /* InfoPlist.strings */; };
		63150AED18F6E48900F59B96 /* main.m in Sources */ = {isa = PBXBuildFile; fileRef = 63150AEC18F6E48900F59B96 /* main.m */; };
		63150AF118F6E48900F59B96 /* KJAppDelegate.m in Sources */ = {isa = PBXBuildFile; fileRef = 63150AF018F6E48900F59B96 /* KJAppDelegate.m */; };
		63150AF418F6E48900F59B96 /* Main.storyboard in Resources */ = {isa = PBXBuildFile; fileRef = 63150AF218F6E48900F59B96 /* Main.storyboard */; };
		63150AF718F6E48900F59B96 /* KJViewController.m in Sources */ = {isa = PBXBuildFile; fileRef = 63150AF618F6E48900F59B96 /* KJViewController.m */; };
		63150AF918F6E48900F59B96 /* Images.xcassets in Resources */ = {isa = PBXBuildFile; fileRef = 63150AF818F6E48900F59B96 /* Images.xcassets */; };
		63150B0018F6E48900F59B96 /* XCTest.framework in Frameworks */ = {isa = PBXBuildFile; fileRef = 63150AFF18F6E48900F59B96 /* XCTest.framework */; };
		63150B0118F6E48900F59B96 /* Foundation.framework in Frameworks */ = {isa = PBXBuildFile; fileRef = 63150AE018F6E48900F59B96 /* Foundation.framework */; };
		63150B0218F6E48900F59B96 /* UIKit.framework in Frameworks */ = {isa = PBXBuildFile; fileRef = 63150AE418F6E48900F59B96 /* UIKit.framework */; };
		63150B0A18F6E48900F59B96 /* InfoPlist.strings in Resources */ = {isa = PBXBuildFile; fileRef = 63150B0818F6E48900F59B96 /* InfoPlist.strings */; };
		63150B0C18F6E48900F59B96 /* Pirate_ChallengeTests.m in Sources */ = {isa = PBXBuildFile; fileRef = 63150B0B18F6E48900F59B96 /* Pirate_ChallengeTests.m */; };
		63150B2118F6E4ED00F59B96 /* PirateAttack.jpg in Resources */ = {isa = PBXBuildFile; fileRef = 63150B1518F6E4ED00F59B96 /* PirateAttack.jpg */; };
		63150B2218F6E4ED00F59B96 /* PirateBlacksmith.jpeg in Resources */ = {isa = PBXBuildFile; fileRef = 63150B1618F6E4ED00F59B96 /* PirateBlacksmith.jpeg */; };
		63150B2318F6E4ED00F59B96 /* PirateBoss.jpeg in Resources */ = {isa = PBXBuildFile; fileRef = 63150B1718F6E4ED00F59B96 /* PirateBoss.jpeg */; };
		63150B2418F6E4ED00F59B96 /* PirateFriendlyDock.jpg in Resources */ = {isa = PBXBuildFile; fileRef = 63150B1818F6E4ED00F59B96 /* PirateFriendlyDock.jpg */; };
		63150B2518F6E4ED00F59B96 /* PirateOctopusAttack.jpg in Resources */ = {isa = PBXBuildFile; fileRef = 63150B1918F6E4ED00F59B96 /* PirateOctopusAttack.jpg */; };
		63150B2618F6E4ED00F59B96 /* PirateParrot.jpg in Resources */ = {isa = PBXBuildFile; fileRef = 63150B1A18F6E4ED00F59B96 /* PirateParrot.jpg */; };
		63150B2718F6E4ED00F59B96 /* PiratePlank.jpg in Resources */ = {isa = PBXBuildFile; fileRef = 63150B1B18F6E4ED00F59B96 /* PiratePlank.jpg */; };
		63150B2818F6E4ED00F59B96 /* PirateShipBattle.jpeg in Resources */ = {isa = PBXBuildFile; fileRef = 63150B1C18F6E4ED00F59B96 /* PirateShipBattle.jpeg */; };
		63150B2918F6E4ED00F59B96 /* PirateStart.jpg in Resources */ = {isa = PBXBuildFile; fileRef = 63150B1D18F6E4ED00F59B96 /* PirateStart.jpg */; };
		63150B2A18F6E4ED00F59B96 /* PirateTreasure.jpeg in Resources */ = {isa = PBXBuildFile; fileRef = 63150B1E18F6E4ED00F59B96 /* PirateTreasure.jpeg */; };
		63150B2B18F6E4ED00F59B96 /* PirateTreasurer2.jpeg in Resources */ = {isa = PBXBuildFile; fileRef = 63150B1F18F6E4ED00F59B96 /* PirateTreasurer2.jpeg */; };
		63150B2C18F6E4ED00F59B96 /* PirateWeapons.jpeg in Resources */ = {isa = PBXBuildFile; fileRef = 63150B2018F6E4ED00F59B96 /* PirateWeapons.jpeg */; };
		63150B2F18F6E55300F59B96 /* KJTile.m in Sources */ = {isa = PBXBuildFile; fileRef = 63150B2E18F6E55300F59B96 /* KJTile.m */; };
		63599554190FE1F10029ADE6 /* KJWeapon.m in Sources */ = {isa = PBXBuildFile; fileRef = 63599553190FE1F10029ADE6 /* KJWeapon.m */; };
		63599557190FE2450029ADE6 /* KJArmour.m in Sources */ = {isa = PBXBuildFile; fileRef = 63599556190FE2450029ADE6 /* KJArmour.m */; };
		6359955A190FE2DC0029ADE6 /* KJCharacter.m in Sources */ = {isa = PBXBuildFile; fileRef = 63599559190FE2DC0029ADE6 /* KJCharacter.m */; };
		6359955D190FF4030029ADE6 /* KJBoss.m in Sources */ = {isa = PBXBuildFile; fileRef = 6359955C190FF4030029ADE6 /* KJBoss.m */; };
		63F7252F18F7F64100353A4A /* KJFactory.m in Sources */ = {isa = PBXBuildFile; fileRef = 63F7252E18F7F64100353A4A /* KJFactory.m */; };
/* End PBXBuildFile section */

/* Begin PBXContainerItemProxy section */
		63150B0318F6E48900F59B96 /* PBXContainerItemProxy */ = {
			isa = PBXContainerItemProxy;
			containerPortal = 63150AD518F6E48900F59B96 /* Project object */;
			proxyType = 1;
			remoteGlobalIDString = 63150ADC18F6E48900F59B96;
			remoteInfo = "Pirate Challenge";
		};
/* End PBXContainerItemProxy section */

/* Begin PBXFileReference section */
		63150ADD18F6E48900F59B96 /* Pirate Challenge.app */ = {isa = PBXFileReference; explicitFileType = wrapper.application; includeInIndex = 0; path = "Pirate Challenge.app"; sourceTree = BUILT_PRODUCTS_DIR; };
		63150AE018F6E48900F59B96 /* Foundation.framework */ = {isa = PBXFileReference; lastKnownFileType = wrapper.framework; name = Foundation.framework; path = System/Library/Frameworks/Foundation.framework; sourceTree = SDKROOT; };
		63150AE218F6E48900F59B96 /* CoreGraphics.framework */ = {isa = PBXFileReference; lastKnownFileType = wrapper.framework; name = CoreGraphics.framework; path = System/Library/Frameworks/CoreGraphics.framework; sourceTree = SDKROOT; };
		63150AE418F6E48900F59B96 /* UIKit.framework */ = {isa = PBXFileReference; lastKnownFileType = wrapper.framework; name = UIKit.framework; path = System/Library/Frameworks/UIKit.framework; sourceTree = SDKROOT; };
		63150AE818F6E48900F59B96 /* Pirate Challenge-Info.plist */ = {isa = PBXFileReference; lastKnownFileType = text.plist.xml; path = "Pirate Challenge-Info.plist"; sourceTree = "<group>"; };
		63150AEA18F6E48900F59B96 /* en */ = {isa = PBXFileReference; lastKnownFileType = text.plist.strings; name = en; path = en.lproj/InfoPlist.strings; sourceTree = "<group>"; };
		63150AEC18F6E48900F59B96 /* main.m */ = {isa = PBXFileReference; lastKnownFileType = sourcecode.c.objc; path = main.m; sourceTree = "<group>"; };
		63150AEE18F6E48900F59B96 /* Pirate Challenge-Prefix.pch */ = {isa = PBXFileReference; lastKnownFileType = sourcecode.c.h; path = "Pirate Challenge-Prefix.pch"; sourceTree = "<group>"; };
		63150AEF18F6E48900F59B96 /* KJAppDelegate.h */ = {isa = PBXFileReference; lastKnownFileType = sourcecode.c.h; path = KJAppDelegate.h; sourceTree = "<group>"; };
		63150AF018F6E48900F59B96 /* KJAppDelegate.m */ = {isa = PBXFileReference; lastKnownFileType = sourcecode.c.objc; path = KJAppDelegate.m; sourceTree = "<group>"; };
		63150AF318F6E48900F59B96 /* Base */ = {isa = PBXFileReference; lastKnownFileType = file.storyboard; name = Base; path = Base.lproj/Main.storyboard; sourceTree = "<group>"; };
		63150AF518F6E48900F59B96 /* KJViewController.h */ = {isa = PBXFileReference; lastKnownFileType = sourcecode.c.h; path = KJViewController.h; sourceTree = "<group>"; };
		63150AF618F6E48900F59B96 /* KJViewController.m */ = {isa = PBXFileReference; lastKnownFileType = sourcecode.c.objc; path = KJViewController.m; sourceTree = "<group>"; };
		63150AF818F6E48900F59B96 /* Images.xcassets */ = {isa = PBXFileReference; lastKnownFileType = folder.assetcatalog; path = Images.xcassets; sourceTree = "<group>"; };
		63150AFE18F6E48900F59B96 /* Pirate ChallengeTests.xctest */ = {isa = PBXFileReference; explicitFileType = wrapper.cfbundle; includeInIndex = 0; path = "Pirate ChallengeTests.xctest"; sourceTree = BUILT_PRODUCTS_DIR; };
		63150AFF18F6E48900F59B96 /* XCTest.framework */ = {isa = PBXFileReference; lastKnownFileType = wrapper.framework; name = XCTest.framework; path = Library/Frameworks/XCTest.framework; sourceTree = DEVELOPER_DIR; };
		63150B0718F6E48900F59B96 /* Pirate ChallengeTests-Info.plist */ = {isa = PBXFileReference; lastKnownFileType = text.plist.xml; path = "Pirate ChallengeTests-Info.plist"; sourceTree = "<group>"; };
		63150B0918F6E48900F59B96 /* en */ = {isa = PBXFileReference; lastKnownFileType = text.plist.strings; name = en; path = en.lproj/InfoPlist.strings; sourceTree = "<group>"; };
		63150B0B18F6E48900F59B96 /* Pirate_ChallengeTests.m */ = {isa = PBXFileReference; lastKnownFileType = sourcecode.c.objc; path = Pirate_ChallengeTests.m; sourceTree = "<group>"; };
		63150B1518F6E4ED00F59B96 /* PirateAttack.jpg */ = {isa = PBXFileReference; lastKnownFileType = image.jpeg; path = PirateAttack.jpg; sourceTree = "<group>"; };
		63150B1618F6E4ED00F59B96 /* PirateBlacksmith.jpeg */ = {isa = PBXFileReference; lastKnownFileType = image.jpeg; path = PirateBlacksmith.jpeg; sourceTree = "<group>"; };
		63150B1718F6E4ED00F59B96 /* PirateBoss.jpeg */ = {isa = PBXFileReference; lastKnownFileType = image.jpeg; path = PirateBoss.jpeg; sourceTree = "<group>"; };
		63150B1818F6E4ED00F59B96 /* PirateFriendlyDock.jpg */ = {isa = PBXFileReference; lastKnownFileType = image.jpeg; path = PirateFriendlyDock.jpg; sourceTree = "<group>"; };
		63150B1918F6E4ED00F59B96 /* PirateOctopusAttack.jpg */ = {isa = PBXFileReference; lastKnownFileType = image.jpeg; path = PirateOctopusAttack.jpg; sourceTree = "<group>"; };
		63150B1A18F6E4ED00F59B96 /* PirateParrot.jpg */ = {isa = PBXFileReference; lastKnownFileType = image.jpeg; path = PirateParrot.jpg; sourceTree = "<group>"; };
		63150B1B18F6E4ED00F59B96 /* PiratePlank.jpg */ = {isa = PBXFileReference; lastKnownFileType = image.jpeg; path = PiratePlank.jpg; sourceTree = "<group>"; };
		63150B1C18F6E4ED00F59B96 /* PirateShipBattle.jpeg */ = {isa = PBXFileReference; lastKnownFileType = image.jpeg; path = PirateShipBattle.jpeg; sourceTree = "<group>"; };
		63150B1D18F6E4ED00F59B96 /* PirateStart.jpg */ = {isa = PBXFileReference; lastKnownFileType = image.jpeg; path = PirateStart.jpg; sourceTree = "<group>"; };
		63150B1E18F6E4ED00F59B96 /* PirateTreasure.jpeg */ = {isa = PBXFileReference; lastKnownFileType = image.jpeg; path = PirateTreasure.jpeg; sourceTree = "<group>"; };
		63150B1F18F6E4ED00F59B96 /* PirateTreasurer2.jpeg */ = {isa = PBXFileReference; lastKnownFileType = image.jpeg; path = PirateTreasurer2.jpeg; sourceTree = "<group>"; };
		63150B2018F6E4ED00F59B96 /* PirateWeapons.jpeg */ = {isa = PBXFileReference; lastKnownFileType = image.jpeg; path = PirateWeapons.jpeg; sourceTree = "<group>"; };
		63150B2D18F6E55300F59B96 /* KJTile.h */ = {isa = PBXFileReference; fileEncoding = 4; lastKnownFileType = sourcecode.c.h; name = KJTile.h; path = ../KJTile.h; sourceTree = "<group>"; };
		63150B2E18F6E55300F59B96 /* KJTile.m */ = {isa = PBXFileReference; fileEncoding = 4; lastKnownFileType = sourcecode.c.objc; name = KJTile.m; path = ../KJTile.m; sourceTree = "<group>"; };
		63599552190FE1F10029ADE6 /* KJWeapon.h */ = {isa = PBXFileReference; fileEncoding = 4; lastKnownFileType = sourcecode.c.h; path = KJWeapon.h; sourceTree = "<group>"; };
		63599553190FE1F10029ADE6 /* KJWeapon.m */ = {isa = PBXFileReference; fileEncoding = 4; lastKnownFileType = sourcecode.c.objc; path = KJWeapon.m; sourceTree = "<group>"; };
		63599555190FE2450029ADE6 /* KJArmour.h */ = {isa = PBXFileReference; fileEncoding = 4; lastKnownFileType = sourcecode.c.h; path = KJArmour.h; sourceTree = "<group>"; };
		63599556190FE2450029ADE6 /* KJArmour.m */ = {isa = PBXFileReference; fileEncoding = 4; lastKnownFileType = sourcecode.c.objc; path = KJArmour.m; sourceTree = "<group>"; };
		63599558190FE2DC0029ADE6 /* KJCharacter.h */ = {isa = PBXFileReference; fileEncoding = 4; lastKnownFileType = sourcecode.c.h; path = KJCharacter.h; sourceTree = "<group>"; };
		63599559190FE2DC0029ADE6 /* KJCharacter.m */ = {isa = PBXFileReference; fileEncoding = 4; lastKnownFileType = sourcecode.c.objc; path = KJCharacter.m; sourceTree = "<group>"; };
		6359955B190FF4030029ADE6 /* KJBoss.h */ = {isa = PBXFileReference; fileEncoding = 4; lastKnownFileType = sourcecode.c.h; path = KJBoss.h; sourceTree = "<group>"; };
		6359955C190FF4030029ADE6 /* KJBoss.m */ = {isa = PBXFileReference; fileEncoding = 4; lastKnownFileType = sourcecode.c.objc; path = KJBoss.m; sourceTree = "<group>"; };
		63F7252D18F7F64100353A4A /* KJFactory.h */ = {isa = PBXFileReference; fileEncoding = 4; lastKnownFileType = sourcecode.c.h; path = KJFactory.h; sourceTree = "<group>"; };
		63F7252E18F7F64100353A4A /* KJFactory.m */ = {isa = PBXFileReference; fileEncoding = 4; lastKnownFileType = sourcecode.c.objc; path = KJFactory.m; sourceTree = "<group>"; };
/* End PBXFileReference section */

/* Begin PBXFrameworksBuildPhase section */
		63150ADA18F6E48900F59B96 /* Frameworks */ = {
			isa = PBXFrameworksBuildPhase;
			buildActionMask = 2147483647;
			files = (
				63150AE318F6E48900F59B96 /* CoreGraphics.framework in Frameworks */,
				63150AE518F6E48900F59B96 /* UIKit.framework in Frameworks */,
				63150AE118F6E48900F59B96 /* Foundation.framework in Frameworks */,
			);
			runOnlyForDeploymentPostprocessing = 0;
		};
		63150AFB18F6E48900F59B96 /* Frameworks */ = {
			isa = PBXFrameworksBuildPhase;
			buildActionMask = 2147483647;
			files = (
				63150B0018F6E48900F59B96 /* XCTest.framework in Frameworks */,
				63150B0218F6E48900F59B96 /* UIKit.framework in Frameworks */,
				63150B0118F6E48900F59B96 /* Foundation.framework in Frameworks */,
			);
			runOnlyForDeploymentPostprocessing = 0;
		};
/* End PBXFrameworksBuildPhase section */

/* Begin PBXGroup section */
		63150AD418F6E48900F59B96 = {
			isa = PBXGroup;
			children = (
				63150AE618F6E48900F59B96 /* Pirate Challenge */,
				63150B0518F6E48900F59B96 /* Pirate ChallengeTests */,
				63150ADF18F6E48900F59B96 /* Frameworks */,
				63150ADE18F6E48900F59B96 /* Products */,
			);
			sourceTree = "<group>";
		};
		63150ADE18F6E48900F59B96 /* Products */ = {
			isa = PBXGroup;
			children = (
				63150ADD18F6E48900F59B96 /* Pirate Challenge.app */,
				63150AFE18F6E48900F59B96 /* Pirate ChallengeTests.xctest */,
			);
			name = Products;
			sourceTree = "<group>";
		};
		63150ADF18F6E48900F59B96 /* Frameworks */ = {
			isa = PBXGroup;
			children = (
				63150AE018F6E48900F59B96 /* Foundation.framework */,
				63150AE218F6E48900F59B96 /* CoreGraphics.framework */,
				63150AE418F6E48900F59B96 /* UIKit.framework */,
				63150AFF18F6E48900F59B96 /* XCTest.framework */,
			);
			name = Frameworks;
			sourceTree = "<group>";
		};
		63150AE618F6E48900F59B96 /* Pirate Challenge */ = {
			isa = PBXGroup;
			children = (
				63150AEF18F6E48900F59B96 /* KJAppDelegate.h */,
				63150AF018F6E48900F59B96 /* KJAppDelegate.m */,
				63150AF218F6E48900F59B96 /* Main.storyboard */,
				63150AF518F6E48900F59B96 /* KJViewController.h */,
				63150AF618F6E48900F59B96 /* KJViewController.m */,
				6359954F190FBF6C0029ADE6 /* Model */,
				63150AF818F6E48900F59B96 /* Images.xcassets */,
				63150AE718F6E48900F59B96 /* Supporting Files */,
			);
			path = "Pirate Challenge";
			sourceTree = "<group>";
		};
		63150AE718F6E48900F59B96 /* Supporting Files */ = {
			isa = PBXGroup;
			children = (
				63599551190FD8610029ADE6 /* backgroundImages */,
				63150AE818F6E48900F59B96 /* Pirate Challenge-Info.plist */,
				63150AE918F6E48900F59B96 /* InfoPlist.strings */,
				63150AEC18F6E48900F59B96 /* main.m */,
				63150AEE18F6E48900F59B96 /* Pirate Challenge-Prefix.pch */,
			);
			name = "Supporting Files";
			sourceTree = "<group>";
		};
		63150B0518F6E48900F59B96 /* Pirate ChallengeTests */ = {
			isa = PBXGroup;
			children = (
				63150B0B18F6E48900F59B96 /* Pirate_ChallengeTests.m */,
				63150B0618F6E48900F59B96 /* Supporting Files */,
			);
			path = "Pirate ChallengeTests";
			sourceTree = "<group>";
		};
		63150B0618F6E48900F59B96 /* Supporting Files */ = {
			isa = PBXGroup;
			children = (
				63150B0718F6E48900F59B96 /* Pirate ChallengeTests-Info.plist */,
				63150B0818F6E48900F59B96 /* InfoPlist.strings */,
			);
			name = "Supporting Files";
			sourceTree = "<group>";
		};
		6359954F190FBF6C0029ADE6 /* Model */ = {
			isa = PBXGroup;
			children = (
				63599550190FC04E0029ADE6 /* Factory */,
				63150B2D18F6E55300F59B96 /* KJTile.h */,
				63150B2E18F6E55300F59B96 /* KJTile.m */,
				63599552190FE1F10029ADE6 /* KJWeapon.h */,
				63599553190FE1F10029ADE6 /* KJWeapon.m */,
				63599555190FE2450029ADE6 /* KJArmour.h */,
				63599556190FE2450029ADE6 /* KJArmour.m */,
				63599558190FE2DC0029ADE6 /* KJCharacter.h */,
				63599559190FE2DC0029ADE6 /* KJCharacter.m */,
				6359955B190FF4030029ADE6 /* KJBoss.h */,
				6359955C190FF4030029ADE6 /* KJBoss.m */,
			);
			name = Model;
			sourceTree = "<group>";
		};
		63599550190FC04E0029ADE6 /* Factory */ = {
			isa = PBXGroup;
			children = (
				63F7252D18F7F64100353A4A /* KJFactory.h */,
				63F7252E18F7F64100353A4A /* KJFactory.m */,
			);
			name = Factory;
			sourceTree = "<group>";
		};
		63599551190FD8610029ADE6 /* backgroundImages */ = {
			isa = PBXGroup;
			children = (
				63150B1518F6E4ED00F59B96 /* PirateAttack.jpg */,
				63150B1618F6E4ED00F59B96 /* PirateBlacksmith.jpeg */,
				63150B1718F6E4ED00F59B96 /* PirateBoss.jpeg */,
				63150B1818F6E4ED00F59B96 /* PirateFriendlyDock.jpg */,
				63150B1918F6E4ED00F59B96 /* PirateOctopusAttack.jpg */,
				63150B1A18F6E4ED00F59B96 /* PirateParrot.jpg */,
				63150B1B18F6E4ED00F59B96 /* PiratePlank.jpg */,
				63150B1C18F6E4ED00F59B96 /* PirateShipBattle.jpeg */,
				63150B1D18F6E4ED00F59B96 /* PirateStart.jpg */,
				63150B1E18F6E4ED00F59B96 /* PirateTreasure.jpeg */,
				63150B1F18F6E4ED00F59B96 /* PirateTreasurer2.jpeg */,
				63150B2018F6E4ED00F59B96 /* PirateWeapons.jpeg */,
			);
			name = backgroundImages;
			sourceTree = "<group>";
		};
/* End PBXGroup section */

/* Begin PBXNativeTarget section */
		63150ADC18F6E48900F59B96 /* Pirate Challenge */ = {
			isa = PBXNativeTarget;
			buildConfigurationList = 63150B0F18F6E48900F59B96 /* Build configuration list for PBXNativeTarget "Pirate Challenge" */;
			buildPhases = (
				63150AD918F6E48900F59B96 /* Sources */,
				63150ADA18F6E48900F59B96 /* Frameworks */,
				63150ADB18F6E48900F59B96 /* Resources */,
			);
			buildRules = (
			);
			dependencies = (
			);
			name = "Pirate Challenge";
			productName = "Pirate Challenge";
			productReference = 63150ADD18F6E48900F59B96 /* Pirate Challenge.app */;
			productType = "com.apple.product-type.application";
		};
		63150AFD18F6E48900F59B96 /* Pirate ChallengeTests */ = {
			isa = PBXNativeTarget;
			buildConfigurationList = 63150B1218F6E48900F59B96 /* Build configuration list for PBXNativeTarget "Pirate ChallengeTests" */;
			buildPhases = (
				63150AFA18F6E48900F59B96 /* Sources */,
				63150AFB18F6E48900F59B96 /* Frameworks */,
				63150AFC18F6E48900F59B96 /* Resources */,
			);
			buildRules = (
			);
			dependencies = (
				63150B0418F6E48900F59B96 /* PBXTargetDependency */,
			);
			name = "Pirate ChallengeTests";
			productName = "Pirate ChallengeTests";
			productReference = 63150AFE18F6E48900F59B96 /* Pirate ChallengeTests.xctest */;
			productType = "com.apple.product-type.bundle.unit-test";
		};
/* End PBXNativeTarget section */

/* Begin PBXProject section */
		63150AD518F6E48900F59B96 /* Project object */ = {
			isa = PBXProject;
			attributes = {
				CLASSPREFIX = KJ;
				LastUpgradeCheck = 0510;
				ORGANIZATIONNAME = limitless;
				TargetAttributes = {
					63150AFD18F6E48900F59B96 = {
						TestTargetID = 63150ADC18F6E48900F59B96;
					};
				};
			};
			buildConfigurationList = 63150AD818F6E48900F59B96 /* Build configuration list for PBXProject "Pirate Challenge" */;
			compatibilityVersion = "Xcode 3.2";
			developmentRegion = English;
			hasScannedForEncodings = 0;
			knownRegions = (
				en,
				Base,
			);
			mainGroup = 63150AD418F6E48900F59B96;
			productRefGroup = 63150ADE18F6E48900F59B96 /* Products */;
			projectDirPath = "";
			projectRoot = "";
			targets = (
				63150ADC18F6E48900F59B96 /* Pirate Challenge */,
				63150AFD18F6E48900F59B96 /* Pirate ChallengeTests */,
			);
		};
/* End PBXProject section */

/* Begin PBXResourcesBuildPhase section */
		63150ADB18F6E48900F59B96 /* Resources */ = {
			isa = PBXResourcesBuildPhase;
			buildActionMask = 2147483647;
			files = (
				63150B2518F6E4ED00F59B96 /* PirateOctopusAttack.jpg in Resources */,
				63150B2C18F6E4ED00F59B96 /* PirateWeapons.jpeg in Resources */,
				63150B2718F6E4ED00F59B96 /* PiratePlank.jpg in Resources */,
				63150B2A18F6E4ED00F59B96 /* PirateTreasure.jpeg in Resources */,
				63150B2418F6E4ED00F59B96 /* PirateFriendlyDock.jpg in Resources */,
				63150B2118F6E4ED00F59B96 /* PirateAttack.jpg in Resources */,
				63150AF918F6E48900F59B96 /* Images.xcassets in Resources */,
				63150AEB18F6E48900F59B96 /* InfoPlist.strings in Resources */,
				63150AF418F6E48900F59B96 /* Main.storyboard in Resources */,
				63150B2818F6E4ED00F59B96 /* PirateShipBattle.jpeg in Resources */,
				63150B2B18F6E4ED00F59B96 /* PirateTreasurer2.jpeg in Resources */,
				63150B2218F6E4ED00F59B96 /* PirateBlacksmith.jpeg in Resources */,
				63150B2918F6E4ED00F59B96 /* PirateStart.jpg in Resources */,
				63150B2318F6E4ED00F59B96 /* PirateBoss.jpeg in Resources */,
				63150B2618F6E4ED00F59B96 /* PirateParrot.jpg in Resources */,
			);
			runOnlyForDeploymentPostprocessing = 0;
		};
		63150AFC18F6E48900F59B96 /* Resources */ = {
			isa = PBXResourcesBuildPhase;
			buildActionMask = 2147483647;
			files = (
				63150B0A18F6E48900F59B96 /* InfoPlist.strings in Resources */,
			);
			runOnlyForDeploymentPostprocessing = 0;
		};
/* End PBXResourcesBuildPhase section */

/* Begin PBXSourcesBuildPhase section */
		63150AD918F6E48900F59B96 /* Sources */ = {
			isa = PBXSourcesBuildPhase;
			buildActionMask = 2147483647;
			files = (
				63F7252F18F7F64100353A4A /* KJFactory.m in Sources */,
				63150AF718F6E48900F59B96 /* KJViewController.m in Sources */,
				6359955A190FE2DC0029ADE6 /* KJCharacter.m in Sources */,
				63599557190FE2450029ADE6 /* KJArmour.m in Sources */,
				63599554190FE1F10029ADE6 /* KJWeapon.m in Sources */,
				63150AED18F6E48900F59B96 /* main.m in Sources */,
				63150B2F18F6E55300F59B96 /* KJTile.m in Sources */,
				63150AF118F6E48900F59B96 /* KJAppDelegate.m in Sources */,
				6359955D190FF4030029ADE6 /* KJBoss.m in Sources */,
			);
			runOnlyForDeploymentPostprocessing = 0;
		};
		63150AFA18F6E48900F59B96 /* Sources */ = {
			isa = PBXSourcesBuildPhase;
			buildActionMask = 2147483647;
			files = (
				63150B0C18F6E48900F59B96 /* Pirate_ChallengeTests.m in Sources */,
			);
			runOnlyForDeploymentPostprocessing = 0;
		};
/* End PBXSourcesBuildPhase section */

/* Begin PBXTargetDependency section */
		63150B0418F6E48900F59B96 /* PBXTargetDependency */ = {
			isa = PBXTargetDependency;
			target = 63150ADC18F6E48900F59B96 /* Pirate Challenge */;
			targetProxy = 63150B0318F6E48900F59B96 /* PBXContainerItemProxy */;
		};
/* End PBXTargetDependency section */

/* Begin PBXVariantGroup section */
		63150AE918F6E48900F59B96 /* InfoPlist.strings */ = {
			isa = PBXVariantGroup;
			children = (
				63150AEA18F6E48900F59B96 /* en */,
			);
			name = InfoPlist.strings;
			sourceTree = "<group>";
		};
		63150AF218F6E48900F59B96 /* Main.storyboard */ = {
			isa = PBXVariantGroup;
			children = (
				63150AF318F6E48900F59B96 /* Base */,
			);
			name = Main.storyboard;
			sourceTree = "<group>";
		};
		63150B0818F6E48900F59B96 /* InfoPlist.strings */ = {
			isa = PBXVariantGroup;
			children = (
				63150B0918F6E48900F59B96 /* en */,
			);
			name = InfoPlist.strings;
			sourceTree = "<group>";
		};
/* End PBXVariantGroup section */

/* Begin XCBuildConfiguration section */
		63150B0D18F6E48900F59B96 /* Debug */ = {
			isa = XCBuildConfiguration;
			buildSettings = {
				ALWAYS_SEARCH_USER_PATHS = NO;
				CLANG_CXX_LANGUAGE_STANDARD = "gnu++0x";
				CLANG_CXX_LIBRARY = "libc++";
				CLANG_ENABLE_MODULES = YES;
				CLANG_ENABLE_OBJC_ARC = YES;
				CLANG_WARN_BOOL_CONVERSION = YES;
				CLANG_WARN_CONSTANT_CONVERSION = YES;
				CLANG_WARN_DIRECT_OBJC_ISA_USAGE = YES_ERROR;
				CLANG_WARN_EMPTY_BODY = YES;
				CLANG_WARN_ENUM_CONVERSION = YES;
				CLANG_WARN_INT_CONVERSION = YES;
				CLANG_WARN_OBJC_ROOT_CLASS = YES_ERROR;
				CLANG_WARN__DUPLICATE_METHOD_MATCH = YES;
				"CODE_SIGN_IDENTITY[sdk=iphoneos*]" = "iPhone Developer";
				COPY_PHASE_STRIP = NO;
				GCC_C_LANGUAGE_STANDARD = gnu99;
				GCC_DYNAMIC_NO_PIC = NO;
				GCC_OPTIMIZATION_LEVEL = 0;
				GCC_PREPROCESSOR_DEFINITIONS = (
					"DEBUG=1",
					"$(inherited)",
				);
				GCC_SYMBOLS_PRIVATE_EXTERN = NO;
				GCC_WARN_64_TO_32_BIT_CONVERSION = YES;
				GCC_WARN_ABOUT_RETURN_TYPE = YES_ERROR;
				GCC_WARN_UNDECLARED_SELECTOR = YES;
				GCC_WARN_UNINITIALIZED_AUTOS = YES_AGGRESSIVE;
				GCC_WARN_UNUSED_FUNCTION = YES;
				GCC_WARN_UNUSED_VARIABLE = YES;
				IPHONEOS_DEPLOYMENT_TARGET = 7.1;
				ONLY_ACTIVE_ARCH = YES;
				SDKROOT = iphoneos;
			};
			name = Debug;
		};
		63150B0E18F6E48900F59B96 /* Release */ = {
			isa = XCBuildConfiguration;
			buildSettings = {
				ALWAYS_SEARCH_USER_PATHS = NO;
				CLANG_CXX_LANGUAGE_STANDARD = "gnu++0x";
				CLANG_CXX_LIBRARY = "libc++";
				CLANG_ENABLE_MODULES = YES;
				CLANG_ENABLE_OBJC_ARC = YES;
				CLANG_WARN_BOOL_CONVERSION = YES;
				CLANG_WARN_CONSTANT_CONVERSION = YES;
				CLANG_WARN_DIRECT_OBJC_ISA_USAGE = YES_ERROR;
				CLANG_WARN_EMPTY_BODY = YES;
				CLANG_WARN_ENUM_CONVERSION = YES;
				CLANG_WARN_INT_CONVERSION = YES;
				CLANG_WARN_OBJC_ROOT_CLASS = YES_ERROR;
				CLANG_WARN__DUPLICATE_METHOD_MATCH = YES;
				"CODE_SIGN_IDENTITY[sdk=iphoneos*]" = "iPhone Developer";
				COPY_PHASE_STRIP = YES;
				ENABLE_NS_ASSERTIONS = NO;
				GCC_C_LANGUAGE_STANDARD = gnu99;
				GCC_WARN_64_TO_32_BIT_CONVERSION = YES;
				GCC_WARN_ABOUT_RETURN_TYPE = YES_ERROR;
				GCC_WARN_UNDECLARED_SELECTOR = YES;
				GCC_WARN_UNINITIALIZED_AUTOS = YES_AGGRESSIVE;
				GCC_WARN_UNUSED_FUNCTION = YES;
				GCC_WARN_UNUSED_VARIABLE = YES;
				IPHONEOS_DEPLOYMENT_TARGET = 7.1;
				SDKROOT = iphoneos;
				VALIDATE_PRODUCT = YES;
			};
			name = Release;
		};
		63150B1018F6E48900F59B96 /* Debug */ = {
			isa = XCBuildConfiguration;
			buildSettings = {
				ASSETCATALOG_COMPILER_APPICON_NAME = AppIcon;
				ASSETCATALOG_COMPILER_LAUNCHIMAGE_NAME = LaunchImage;
				GCC_PRECOMPILE_PREFIX_HEADER = YES;
				GCC_PREFIX_HEADER = "Pirate Challenge/Pirate Challenge-Prefix.pch";
				INFOPLIST_FILE = "Pirate Challenge/Pirate Challenge-Info.plist";
				PRODUCT_NAME = "$(TARGET_NAME)";
				WRAPPER_EXTENSION = app;
			};
			name = Debug;
		};
		63150B1118F6E48900F59B96 /* Release */ = {
			isa = XCBuildConfiguration;
			buildSettings = {
				ASSETCATALOG_COMPILER_APPICON_NAME = AppIcon;
				ASSETCATALOG_COMPILER_LAUNCHIMAGE_NAME = LaunchImage;
				GCC_PRECOMPILE_PREFIX_HEADER = YES;
				GCC_PREFIX_HEADER = "Pirate Challenge/Pirate Challenge-Prefix.pch";
				INFOPLIST_FILE = "Pirate Challenge/Pirate Challenge-Info.plist";
				PRODUCT_NAME = "$(TARGET_NAME)";
				WRAPPER_EXTENSION = app;
			};
			name = Release;
		};
		63150B1318F6E48900F59B96 /* Debug */ = {
			isa = XCBuildConfiguration;
			buildSettings = {
				BUNDLE_LOADER = "$(BUILT_PRODUCTS_DIR)/Pirate Challenge.app/Pirate Challenge";
				FRAMEWORK_SEARCH_PATHS = (
					"$(SDKROOT)/Developer/Library/Frameworks",
					"$(inherited)",
					"$(DEVELOPER_FRAMEWORKS_DIR)",
				);
				GCC_PRECOMPILE_PREFIX_HEADER = YES;
				GCC_PREFIX_HEADER = "Pirate Challenge/Pirate Challenge-Prefix.pch";
				GCC_PREPROCESSOR_DEFINITIONS = (
					"DEBUG=1",
					"$(inherited)",
				);
				INFOPLIST_FILE = "Pirate ChallengeTests/Pirate ChallengeTests-Info.plist";
				PRODUCT_NAME = "$(TARGET_NAME)";
				TEST_HOST = "$(BUNDLE_LOADER)";
				WRAPPER_EXTENSION = xctest;
			};
			name = Debug;
		};
		63150B1418F6E48900F59B96 /* Release */ = {
			isa = XCBuildConfiguration;
			buildSettings = {
				BUNDLE_LOADER = "$(BUILT_PRODUCTS_DIR)/Pirate Challenge.app/Pirate Challenge";
				FRAMEWORK_SEARCH_PATHS = (
					"$(SDKROOT)/Developer/Library/Frameworks",
					"$(inherited)",
					"$(DEVELOPER_FRAMEWORKS_DIR)",
				);
				GCC_PRECOMPILE_PREFIX_HEADER = YES;
				GCC_PREFIX_HEADER = "Pirate Challenge/Pirate Challenge-Prefix.pch";
				INFOPLIST_FILE = "Pirate ChallengeTests/Pirate ChallengeTests-Info.plist";
				PRODUCT_NAME = "$(TARGET_NAME)";
				TEST_HOST = "$(BUNDLE_LOADER)";
				WRAPPER_EXTENSION = xctest;
			};
			name = Release;
		};
/* End XCBuildConfiguration section */

/* Begin XCConfigurationList section */
		63150AD818F6E48900F59B96 /* Build configuration list for PBXProject "Pirate Challenge" */ = {
			isa = XCConfigurationList;
			buildConfigurations = (
				63150B0D18F6E48900F59B96 /* Debug */,
				63150B0E18F6E48900F59B96 /* Release */,
			);
			defaultConfigurationIsVisible = 0;
			defaultConfigurationName = Release;
		};
		63150B0F18F6E48900F59B96 /* Build configuration list for PBXNativeTarget "Pirate Challenge" */ = {
			isa = XCConfigurationList;
			buildConfigurations = (
				63150B1018F6E48900F59B96 /* Debug */,
				63150B1118F6E48900F59B96 /* Release */,
			);
			defaultConfigurationIsVisible = 0;
			defaultConfigurationName = Release;
		};
		63150B1218F6E48900F59B96 /* Build configuration list for PBXNativeTarget "Pirate ChallengeTests" */ = {
			isa = XCConfigurationList;
			buildConfigurations = (
				63150B1318F6E48900F59B96 /* Debug */,
				63150B1418F6E48900F59B96 /* Release */,
			);
			defaultConfigurationIsVisible = 0;
			defaultConfigurationName = Release;
		};
/* End XCConfigurationList section */
	};
	rootObject = 63150AD518F6E48900F59B96 /* Project object */;
}
